# THIS IS AN AUTOGENERATED FILE. DO NOT EDIT THIS FILE DIRECTLY.
# yarn lockfile v1


"@types/angular-ui-router@^1.1.36":
  version "1.1.36"
  resolved "https://registry.yarnpkg.com/@types/angular-ui-router/-/angular-ui-router-1.1.36.tgz#24479af00ab6926d04ada3a633bee41a3dd72806"
  dependencies:
    "@types/angular" "*"

"@types/angular@*", "@types/angular@^1.6.0":
  version "1.6.7"
  resolved "https://registry.yarnpkg.com/@types/angular/-/angular-1.6.7.tgz#8935a2b4a796fe7ca4f59f533f467804722fb0c4"
  dependencies:
    "@types/jquery" "*"

"@types/jquery@*":
  version "2.0.40"
  resolved "https://registry.yarnpkg.com/@types/jquery/-/jquery-2.0.40.tgz#acdd69e29b74cdec15dc3c074bcb064bc1b87213"

"@types/ui-grid@^0.0.35":
  version "0.0.35"
  resolved "https://registry.yarnpkg.com/@types/ui-grid/-/ui-grid-0.0.35.tgz#3ff7ebef6af4734c558739d3b7e47077426933d4"
  dependencies:
    "@types/angular" "*"
    "@types/jquery" "*"

"@types/ui-select@^0.13.28":
  version "0.13.28"
  resolved "https://registry.yarnpkg.com/@types/ui-select/-/ui-select-0.13.28.tgz#41d613766c088ec871e83c8d6924815dfbb15142"
  dependencies:
    "@types/angular" "*"

angular-ui-router@^0.4.2:
  version "0.4.2"
  resolved "https://registry.yarnpkg.com/angular-ui-router/-/angular-ui-router-0.4.2.tgz#b6aed1ca69a683c82e3992898eabd4ba15868608"
  dependencies:
    angular "^1.0.8"

angular@^1.0.8, angular@^1.6.0:
  version "1.6.2"
  resolved "https://registry.yarnpkg.com/angular/-/angular-1.6.2.tgz#d0b677242ac4bf9ae81424297c6320973af4bb5a"

bootstrap@^3.3.7:
  version "3.3.7"
  resolved "https://registry.yarnpkg.com/bootstrap/-/bootstrap-3.3.7.tgz#5a389394549f23330875a3b150656574f8a9eb71"

typescript@^2.2.1:
  version "2.2.1"
  resolved "https://registry.yarnpkg.com/typescript/-/typescript-2.2.1.tgz#4862b662b988a4c8ff691cc7969622d24db76ae9"

ui-grid@^0.0.0:
  version "0.0.0"
  resolved "https://registry.yarnpkg.com/ui-grid/-/ui-grid-0.0.0.tgz#0346c0be72e9cf6333894daec37b29d6f3c14ee2"

ui-select@^0.19.6:
  version "0.19.6"
  resolved "https://registry.yarnpkg.com/ui-select/-/ui-select-0.19.6.tgz#9a824ec9d5b04c3fdc7483fa4746dd3c528d87ab"
